
Microsoft Visual Studio Solution File, Format Version 12.00
# Visual Studio Version 17
VisualStudioVersion = 17.7.34202.233
MinimumVisualStudioVersion = 10.0.40219.1
Project("{FAE04EC0-301F-11D3-BF4B-00C04F79EFBC}") = "PR3_Ver", "PR3_Ver.csproj", "{BF85F242-C92E-4BDA-8700-E030E3955594}"
EndProject
Global
	GlobalSection(SolutionConfigurationPlatforms) = preSolution
		Debug|Any CPU = Debug|Any CPU
		Release|Any CPU = Release|Any CPU
	EndGlobalSection
	GlobalSection(ProjectConfigurationPlatforms) = postSolution
		{BF85F242-C92E-4BDA-8700-E030E3955594}.Debug|Any CPU.ActiveCfg = Debug|Any CPU
		{BF85F242-C92E-4BDA-8700-E030E3955594}.Debug|Any CPU.Build.0 = Debug|Any CPU
		{BF85F242-C92E-4BDA-8700-E030E3955594}.Release|Any CPU.ActiveCfg = Release|Any CPU
		{BF85F242-C92E-4BDA-8700-E030E3955594}.Release|Any CPU.Build.0 = Release|Any CPU
	EndGlobalSection
	GlobalSection(SolutionProperties) = preSolution
		HideSolutionNode = FALSE
	EndGlobalSection
	GlobalSection(ExtensibilityGlobals) = postSolution
		SolutionGuid = {52B683D0-7328-403C-905F-B745411DED58}
	EndGlobalSection
EndGlobal
